
Microsoft Visual Studio Solution File, Format Version 12.00
# Visual Studio 15
Project("{FAE04EC0-301F-11D3-BF4B-00C04F79EFBC}") = "Raspertise", "Raspertise.csproj", "{249D2C2C-5637-4F5B-8BCC-A49D788110D6}"
EndProject
Global
	GlobalSection(SolutionConfigurationPlatforms) = preSolution
		Debug|Any CPU = Debug|Any CPU
		Release|Any CPU = Release|Any CPU
	EndGlobalSection
	GlobalSection(ProjectConfigurationPlatforms) = postSolution
		{249D2C2C-5637-4F5B-8BCC-A49D788110D6}.Debug|Any CPU.ActiveCfg = Debug|Any CPU
		{249D2C2C-5637-4F5B-8BCC-A49D788110D6}.Debug|Any CPU.Build.0 = Debug|Any CPU
		{249D2C2C-5637-4F5B-8BCC-A49D788110D6}.Release|Any CPU.ActiveCfg = Release|Any CPU
		{249D2C2C-5637-4F5B-8BCC-A49D788110D6}.Release|Any CPU.Build.0 = Release|Any CPU
	EndGlobalSection
EndGlobal
